Microsoft Visual Studio Solution File, Format Version 12.00
# Visual Studio Version 17
VisualStudioVersion = 17.0.31903.59
MinimumVisualStudioVersion = 10.0.40219.1
Project("{FAE04EC0-301F-11D3-BF4B-00C04F79EFBC}") = "Server", "Server\Server.csproj", "{01501DD6-AAF7-4B65-B047-05B579E21F04}"
EndProject
Project("{FAE04EC0-301F-11D3-BF4B-00C04F79EFBC}") = "Client", "Client\Client.csproj", "{D48D6E18-B1C8-4524-822F-45BCD66D3D30}"
EndProject
Global
	GlobalSection(SolutionConfigurationPlatforms) = preSolution
		Debug|Any CPU = Debug|Any CPU
		Release|Any CPU = Release|Any CPU
	EndGlobalSection
	GlobalSection(ProjectConfigurationPlatforms) = postSolution
		{01501DD6-AAF7-4B65-B047-05B579E21F04}.Debug|Any CPU.ActiveCfg = Debug|Any CPU
		{01501DD6-AAF7-4B65-B047-05B579E21F04}.Debug|Any CPU.Build.0 = Debug|Any CPU
		{01501DD6-AAF7-4B65-B047-05B579E21F04}.Release|Any CPU.ActiveCfg = Release|Any CPU
		{01501DD6-AAF7-4B65-B047-05B579E21F04}.Release|Any CPU.Build.0 = Release|Any CPU
		{D48D6E18-B1C8-4524-822F-45BCD66D3D30}.Debug|Any CPU.ActiveCfg = Debug|Any CPU
		{D48D6E18-B1C8-4524-822F-45BCD66D3D30}.Debug|Any CPU.Build.0 = Debug|Any CPU
		{D48D6E18-B1C8-4524-822F-45BCD66D3D30}.Release|Any CPU.ActiveCfg = Release|Any CPU
		{D48D6E18-B1C8-4524-822F-45BCD66D3D30}.Release|Any CPU.Build.0 = Release|Any CPU
	EndGlobalSection
	GlobalSection(SolutionProperties) = preSolution
		HideSolutionNode = FALSE
	EndGlobalSection
	GlobalSection(ExtensibilityGlobals) = postSolution
		SolutionGuid = {5C551099-1E7D-43A6-8824-A3FCFF0529D2}
	EndGlobalSection
EndGlobal
